
Microsoft Visual Studio Solution File, Format Version 12.00
# Visual Studio Version 17
VisualStudioVersion = 17.14.36301.6
MinimumVisualStudioVersion = 10.0.40219.1
Project("{FAE04EC0-301F-11D3-BF4B-00C04F79EFBC}") = "NucAIChat", "NucAIChat\NucAIChat.csproj", "{F418150D-FA00-4CC0-9908-F24B2F098219}"
EndProject
Global
	GlobalSection(SolutionConfigurationPlatforms) = preSolution
		Debug|Any CPU = Debug|Any CPU
		Release|Any CPU = Release|Any CPU
	EndGlobalSection
	GlobalSection(ProjectConfigurationPlatforms) = postSolution
		{F418150D-FA00-4CC0-9908-F24B2F098219}.Debug|Any CPU.ActiveCfg = Debug|Any CPU
		{F418150D-FA00-4CC0-9908-F24B2F098219}.Debug|Any CPU.Build.0 = Debug|Any CPU
		{F418150D-FA00-4CC0-9908-F24B2F098219}.Release|Any CPU.ActiveCfg = Release|Any CPU
		{F418150D-FA00-4CC0-9908-F24B2F098219}.Release|Any CPU.Build.0 = Release|Any CPU
	EndGlobalSection
	GlobalSection(SolutionProperties) = preSolution
		HideSolutionNode = FALSE
	EndGlobalSection
	GlobalSection(ExtensibilityGlobals) = postSolution
		SolutionGuid = {65108A42-445D-4A97-880F-4BB1577881AA}
	EndGlobalSection
EndGlobal
